
Microsoft Visual Studio Solution File, Format Version 12.00
# Visual Studio Version 17
VisualStudioVersion = 17.4.33205.214
MinimumVisualStudioVersion = 10.0.40219.1
Project("{FAE04EC0-301F-11D3-BF4B-00C04F79EFBC}") = "GitDemoApp2", "GitDemoApp2.csproj", "{9165FEC4-8105-4D44-A649-263D84C57B3D}"
EndProject
Global
	GlobalSection(SolutionConfigurationPlatforms) = preSolution
		Debug|Any CPU = Debug|Any CPU
		Release|Any CPU = Release|Any CPU
	EndGlobalSection
	GlobalSection(ProjectConfigurationPlatforms) = postSolution
		{9165FEC4-8105-4D44-A649-263D84C57B3D}.Debug|Any CPU.ActiveCfg = Debug|Any CPU
		{9165FEC4-8105-4D44-A649-263D84C57B3D}.Debug|Any CPU.Build.0 = Debug|Any CPU
		{9165FEC4-8105-4D44-A649-263D84C57B3D}.Release|Any CPU.ActiveCfg = Release|Any CPU
		{9165FEC4-8105-4D44-A649-263D84C57B3D}.Release|Any CPU.Build.0 = Release|Any CPU
	EndGlobalSection
	GlobalSection(SolutionProperties) = preSolution
		HideSolutionNode = FALSE
	EndGlobalSection
	GlobalSection(ExtensibilityGlobals) = postSolution
		SolutionGuid = {FC419DAE-52F7-4208-90E7-8108B5B7EC7D}
	EndGlobalSection
EndGlobal
